// !$*UTF8*$!
{
	archiveVersion = 1;
	classes = {
	};
	objectVersion = 50;
	objects = {

/* Begin PBXBuildFile section */
		4C0C821C20E6F94900C13361 /* Fonts.swift in Sources */ = {isa = PBXBuildFile; fileRef = 4C0C821B20E6F94900C13361 /* Fonts.swift */; };
		4C500F4A20D976F600C1646D /* HTTP.swift in Sources */ = {isa = PBXBuildFile; fileRef = 4C500F4920D976F600C1646D /* HTTP.swift */; };
		4C74BE7520DE95E100F765C8 /* Chat.swift in Sources */ = {isa = PBXBuildFile; fileRef = 4C74BE7420DE95E100F765C8 /* Chat.swift */; };
		4C78FD8B20D8280D006385B2 /* AppDelegate.swift in Sources */ = {isa = PBXBuildFile; fileRef = 4C78FD8A20D8280D006385B2 /* AppDelegate.swift */; };
		4C78FD8D20D8280D006385B2 /* ViewController.swift in Sources */ = {isa = PBXBuildFile; fileRef = 4C78FD8C20D8280D006385B2 /* ViewController.swift */; };
		4C78FD8F20D8280F006385B2 /* Assets.xcassets in Resources */ = {isa = PBXBuildFile; fileRef = 4C78FD8E20D8280F006385B2 /* Assets.xcassets */; };
		4C78FD9220D8280F006385B2 /* Main.storyboard in Resources */ = {isa = PBXBuildFile; fileRef = 4C78FD9020D8280F006385B2 /* Main.storyboard */; };
		4C78FD9E20D8280F006385B2 /* GroupMacTests.swift in Sources */ = {isa = PBXBuildFile; fileRef = 4C78FD9D20D8280F006385B2 /* GroupMacTests.swift */; };
		4C78FDA920D8280F006385B2 /* GroupMacUITests.swift in Sources */ = {isa = PBXBuildFile; fileRef = 4C78FDA820D8280F006385B2 /* GroupMacUITests.swift */; };
		4C78FDB720D82C8D006385B2 /* GroupMe.swift in Sources */ = {isa = PBXBuildFile; fileRef = 4C78FDB620D82C8D006385B2 /* GroupMe.swift */; };
		4C78FDB820D82C8D006385B2 /* GroupMe.swift in Sources */ = {isa = PBXBuildFile; fileRef = 4C78FDB620D82C8D006385B2 /* GroupMe.swift */; };
		4C78FDBA20D82E21006385B2 /* token.txt in Resources */ = {isa = PBXBuildFile; fileRef = 4C78FDB920D82E21006385B2 /* token.txt */; };
		4C7D73D920E6C65E005DF911 /* GMConversationType.swift in Sources */ = {isa = PBXBuildFile; fileRef = 4C7D73D820E6C65E005DF911 /* GMConversationType.swift */; };
		4CA03B6120E289630000EA78 /* GMConversation.swift in Sources */ = {isa = PBXBuildFile; fileRef = 4CA03B6020E289630000EA78 /* GMConversation.swift */; };
		4CA03B6220E2896B0000EA78 /* GMConversation.swift in Sources */ = {isa = PBXBuildFile; fileRef = 4CA03B6020E289630000EA78 /* GMConversation.swift */; };
		4CA03B6420E28F0A0000EA78 /* GMMessage.swift in Sources */ = {isa = PBXBuildFile; fileRef = 4CA03B6320E28F0A0000EA78 /* GMMessage.swift */; };
		4CD221EF20E180E900A13AE6 /* String.swift in Sources */ = {isa = PBXBuildFile; fileRef = 4CD221EE20E180E900A13AE6 /* String.swift */; };
		4CD221F120E19CDA00A13AE6 /* GroupMeTests.swift in Sources */ = {isa = PBXBuildFile; fileRef = 4CD221F020E19CDA00A13AE6 /* GroupMeTests.swift */; };
		4CD221F220E19CEE00A13AE6 /* Chat.swift in Sources */ = {isa = PBXBuildFile; fileRef = 4C74BE7420DE95E100F765C8 /* Chat.swift */; };
		4CD221F320E19CF100A13AE6 /* Group.swift in Sources */ = {isa = PBXBuildFile; fileRef = 4CDC813520DAD169004D8DD0 /* Group.swift */; };
		4CD221F520E1CBA600A13AE6 /* HTTP.swift in Sources */ = {isa = PBXBuildFile; fileRef = 4C500F4920D976F600C1646D /* HTTP.swift */; };
		4CD221F620E1CBAA00A13AE6 /* String.swift in Sources */ = {isa = PBXBuildFile; fileRef = 4CD221EE20E180E900A13AE6 /* String.swift */; };
		4CDC813620DAD169004D8DD0 /* Group.swift in Sources */ = {isa = PBXBuildFile; fileRef = 4CDC813520DAD169004D8DD0 /* Group.swift */; };
		4CDC813E20DAF9EC004D8DD0 /* MessagesViewController.swift in Sources */ = {isa = PBXBuildFile; fileRef = 4CDC813D20DAF9EC004D8DD0 /* MessagesViewController.swift */; };
		4CDC814220DB23CB004D8DD0 /* ConvosViewController.swift in Sources */ = {isa = PBXBuildFile; fileRef = 4CDC814120DB23CB004D8DD0 /* ConvosViewController.swift */; };
/* End PBXBuildFile section */

/* Begin PBXContainerItemProxy section */
		4C78FD9A20D8280F006385B2 /* PBXContainerItemProxy */ = {
			isa = PBXContainerItemProxy;
			containerPortal = 4C78FD7F20D8280D006385B2 /* Project object */;
			proxyType = 1;
			remoteGlobalIDString = 4C78FD8620D8280D006385B2;
			remoteInfo = GroupMac;
		};
		4C78FDA520D8280F006385B2 /* PBXContainerItemProxy */ = {
			isa = PBXContainerItemProxy;
			containerPortal = 4C78FD7F20D8280D006385B2 /* Project object */;
			proxyType = 1;
			remoteGlobalIDString = 4C78FD8620D8280D006385B2;
			remoteInfo = GroupMac;
		};
/* End PBXContainerItemProxy section */

/* Begin PBXFileReference section */
		4C0C821B20E6F94900C13361 /* Fonts.swift */ = {isa = PBXFileReference; fileEncoding = 4; lastKnownFileType = sourcecode.swift; path = Fonts.swift; sourceTree = "<group>"; };
		4C500F4920D976F600C1646D /* HTTP.swift */ = {isa = PBXFileReference; lastKnownFileType = sourcecode.swift; path = HTTP.swift; sourceTree = "<group>"; };
		4C74BE7420DE95E100F765C8 /* Chat.swift */ = {isa = PBXFileReference; lastKnownFileType = sourcecode.swift; path = Chat.swift; sourceTree = "<group>"; };
		4C78FD8720D8280D006385B2 /* GroupMac.app */ = {isa = PBXFileReference; explicitFileType = wrapper.application; includeInIndex = 0; path = GroupMac.app; sourceTree = BUILT_PRODUCTS_DIR; };
		4C78FD8A20D8280D006385B2 /* AppDelegate.swift */ = {isa = PBXFileReference; lastKnownFileType = sourcecode.swift; path = AppDelegate.swift; sourceTree = "<group>"; };
		4C78FD8C20D8280D006385B2 /* ViewController.swift */ = {isa = PBXFileReference; lastKnownFileType = sourcecode.swift; path = ViewController.swift; sourceTree = "<group>"; };
		4C78FD8E20D8280F006385B2 /* Assets.xcassets */ = {isa = PBXFileReference; lastKnownFileType = folder.assetcatalog; path = Assets.xcassets; sourceTree = "<group>"; };
		4C78FD9120D8280F006385B2 /* Base */ = {isa = PBXFileReference; lastKnownFileType = file.storyboard; name = Base; path = Base.lproj/Main.storyboard; sourceTree = "<group>"; };
		4C78FD9320D8280F006385B2 /* Info.plist */ = {isa = PBXFileReference; lastKnownFileType = text.plist.xml; path = Info.plist; sourceTree = "<group>"; };
		4C78FD9420D8280F006385B2 /* GroupMac.entitlements */ = {isa = PBXFileReference; lastKnownFileType = text.plist.entitlements; path = GroupMac.entitlements; sourceTree = "<group>"; };
		4C78FD9920D8280F006385B2 /* GroupMacTests.xctest */ = {isa = PBXFileReference; explicitFileType = wrapper.cfbundle; includeInIndex = 0; path = GroupMacTests.xctest; sourceTree = BUILT_PRODUCTS_DIR; };
		4C78FD9D20D8280F006385B2 /* GroupMacTests.swift */ = {isa = PBXFileReference; lastKnownFileType = sourcecode.swift; path = GroupMacTests.swift; sourceTree = "<group>"; };
		4C78FD9F20D8280F006385B2 /* Info.plist */ = {isa = PBXFileReference; lastKnownFileType = text.plist.xml; path = Info.plist; sourceTree = "<group>"; };
		4C78FDA420D8280F006385B2 /* GroupMacUITests.xctest */ = {isa = PBXFileReference; explicitFileType = wrapper.cfbundle; includeInIndex = 0; path = GroupMacUITests.xctest; sourceTree = BUILT_PRODUCTS_DIR; };
		4C78FDA820D8280F006385B2 /* GroupMacUITests.swift */ = {isa = PBXFileReference; lastKnownFileType = sourcecode.swift; path = GroupMacUITests.swift; sourceTree = "<group>"; };
		4C78FDAA20D8280F006385B2 /* Info.plist */ = {isa = PBXFileReference; lastKnownFileType = text.plist.xml; path = Info.plist; sourceTree = "<group>"; };
		4C78FDB620D82C8D006385B2 /* GroupMe.swift */ = {isa = PBXFileReference; lastKnownFileType = sourcecode.swift; path = GroupMe.swift; sourceTree = "<group>"; };
		4C78FDB920D82E21006385B2 /* token.txt */ = {isa = PBXFileReference; lastKnownFileType = text; path = token.txt; sourceTree = "<group>"; };
		4C7D73D820E6C65E005DF911 /* GMConversationType.swift */ = {isa = PBXFileReference; lastKnownFileType = sourcecode.swift; path = GMConversationType.swift; sourceTree = "<group>"; };
		4CA03B6020E289630000EA78 /* GMConversation.swift */ = {isa = PBXFileReference; lastKnownFileType = sourcecode.swift; path = GMConversation.swift; sourceTree = "<group>"; };
		4CA03B6320E28F0A0000EA78 /* GMMessage.swift */ = {isa = PBXFileReference; lastKnownFileType = sourcecode.swift; path = GMMessage.swift; sourceTree = "<group>"; };
		4CD221EE20E180E900A13AE6 /* String.swift */ = {isa = PBXFileReference; lastKnownFileType = sourcecode.swift; path = String.swift; sourceTree = "<group>"; };
		4CD221F020E19CDA00A13AE6 /* GroupMeTests.swift */ = {isa = PBXFileReference; lastKnownFileType = sourcecode.swift; path = GroupMeTests.swift; sourceTree = "<group>"; };
		4CDC813520DAD169004D8DD0 /* Group.swift */ = {isa = PBXFileReference; lastKnownFileType = sourcecode.swift; path = Group.swift; sourceTree = "<group>"; };
		4CDC813D20DAF9EC004D8DD0 /* MessagesViewController.swift */ = {isa = PBXFileReference; lastKnownFileType = sourcecode.swift; path = MessagesViewController.swift; sourceTree = "<group>"; };
		4CDC814120DB23CB004D8DD0 /* ConvosViewController.swift */ = {isa = PBXFileReference; lastKnownFileType = sourcecode.swift; path = ConvosViewController.swift; sourceTree = "<group>"; };
/* End PBXFileReference section */

/* Begin PBXFrameworksBuildPhase section */
		4C78FD8420D8280D006385B2 /* Frameworks */ = {
			isa = PBXFrameworksBuildPhase;
			buildActionMask = 2147483647;
			files = (
			);
			runOnlyForDeploymentPostprocessing = 0;
		};
		4C78FD9620D8280F006385B2 /* Frameworks */ = {
			isa = PBXFrameworksBuildPhase;
			buildActionMask = 2147483647;
			files = (
			);
			runOnlyForDeploymentPostprocessing = 0;
		};
		4C78FDA120D8280F006385B2 /* Frameworks */ = {
			isa = PBXFrameworksBuildPhase;
			buildActionMask = 2147483647;
			files = (
			);
			runOnlyForDeploymentPostprocessing = 0;
		};
/* End PBXFrameworksBuildPhase section */

/* Begin PBXGroup section */
		4C500F4620D9577600C1646D /* Resources */ = {
			isa = PBXGroup;
			children = (
				4C0C821B20E6F94900C13361 /* Fonts.swift */,
				4CA03B6020E289630000EA78 /* GMConversation.swift */,
				4C7D73D820E6C65E005DF911 /* GMConversationType.swift */,
				4CA03B6320E28F0A0000EA78 /* GMMessage.swift */,
				4C500F4920D976F600C1646D /* HTTP.swift */,
				4CD221EE20E180E900A13AE6 /* String.swift */,
			);
			path = Resources;
			sourceTree = "<group>";
		};
		4C78FD7E20D8280D006385B2 = {
			isa = PBXGroup;
			children = (
				4C78FD8920D8280D006385B2 /* GroupMac */,
				4C78FD9C20D8280F006385B2 /* GroupMacTests */,
				4C78FDA720D8280F006385B2 /* GroupMacUITests */,
				4C500F4620D9577600C1646D /* Resources */,
				4C78FD8820D8280D006385B2 /* Products */,
			);
			sourceTree = "<group>";
		};
		4C78FD8820D8280D006385B2 /* Products */ = {
			isa = PBXGroup;
			children = (
				4C78FD8720D8280D006385B2 /* GroupMac.app */,
				4C78FD9920D8280F006385B2 /* GroupMacTests.xctest */,
				4C78FDA420D8280F006385B2 /* GroupMacUITests.xctest */,
			);
			name = Products;
			sourceTree = "<group>";
		};
		4C78FD8920D8280D006385B2 /* GroupMac */ = {
			isa = PBXGroup;
			children = (
				4C78FD8A20D8280D006385B2 /* AppDelegate.swift */,
				4C78FDBB20D82E34006385B2 /* GroupMe */,
				4CDC814120DB23CB004D8DD0 /* ConvosViewController.swift */,
				4CDC813D20DAF9EC004D8DD0 /* MessagesViewController.swift */,
				4C78FD8C20D8280D006385B2 /* ViewController.swift */,
				4C78FD8E20D8280F006385B2 /* Assets.xcassets */,
				4C78FD9020D8280F006385B2 /* Main.storyboard */,
				4C78FD9320D8280F006385B2 /* Info.plist */,
				4C78FD9420D8280F006385B2 /* GroupMac.entitlements */,
			);
			path = GroupMac;
			sourceTree = "<group>";
		};
		4C78FD9C20D8280F006385B2 /* GroupMacTests */ = {
			isa = PBXGroup;
			children = (
				4C78FD9D20D8280F006385B2 /* GroupMacTests.swift */,
				4CD221F020E19CDA00A13AE6 /* GroupMeTests.swift */,
				4C78FD9F20D8280F006385B2 /* Info.plist */,
			);
			path = GroupMacTests;
			sourceTree = "<group>";
		};
		4C78FDA720D8280F006385B2 /* GroupMacUITests */ = {
			isa = PBXGroup;
			children = (
				4C78FDA820D8280F006385B2 /* GroupMacUITests.swift */,
				4C78FDAA20D8280F006385B2 /* Info.plist */,
			);
			path = GroupMacUITests;
			sourceTree = "<group>";
		};
		4C78FDBB20D82E34006385B2 /* GroupMe */ = {
			isa = PBXGroup;
			children = (
				4C78FDB620D82C8D006385B2 /* GroupMe.swift */,
				4C74BE7420DE95E100F765C8 /* Chat.swift */,
				4CDC813520DAD169004D8DD0 /* Group.swift */,
				4C78FDB920D82E21006385B2 /* token.txt */,
			);
			path = GroupMe;
			sourceTree = "<group>";
		};
/* End PBXGroup section */

/* Begin PBXNativeTarget section */
		4C78FD8620D8280D006385B2 /* GroupMac */ = {
			isa = PBXNativeTarget;
			buildConfigurationList = 4C78FDAD20D8280F006385B2 /* Build configuration list for PBXNativeTarget "GroupMac" */;
			buildPhases = (
				4C78FD8320D8280D006385B2 /* Sources */,
				4C78FD8420D8280D006385B2 /* Frameworks */,
				4C78FD8520D8280D006385B2 /* Resources */,
			);
			buildRules = (
			);
			dependencies = (
			);
			name = GroupMac;
			productName = GroupMac;
			productReference = 4C78FD8720D8280D006385B2 /* GroupMac.app */;
			productType = "com.apple.product-type.application";
		};
		4C78FD9820D8280F006385B2 /* GroupMacTests */ = {
			isa = PBXNativeTarget;
			buildConfigurationList = 4C78FDB020D8280F006385B2 /* Build configuration list for PBXNativeTarget "GroupMacTests" */;
			buildPhases = (
				4C78FD9520D8280F006385B2 /* Sources */,
				4C78FD9620D8280F006385B2 /* Frameworks */,
				4C78FD9720D8280F006385B2 /* Resources */,
			);
			buildRules = (
			);
			dependencies = (
				4C78FD9B20D8280F006385B2 /* PBXTargetDependency */,
			);
			name = GroupMacTests;
			productName = GroupMacTests;
			productReference = 4C78FD9920D8280F006385B2 /* GroupMacTests.xctest */;
			productType = "com.apple.product-type.bundle.unit-test";
		};
		4C78FDA320D8280F006385B2 /* GroupMacUITests */ = {
			isa = PBXNativeTarget;
			buildConfigurationList = 4C78FDB320D8280F006385B2 /* Build configuration list for PBXNativeTarget "GroupMacUITests" */;
			buildPhases = (
				4C78FDA020D8280F006385B2 /* Sources */,
				4C78FDA120D8280F006385B2 /* Frameworks */,
				4C78FDA220D8280F006385B2 /* Resources */,
			);
			buildRules = (
			);
			dependencies = (
				4C78FDA620D8280F006385B2 /* PBXTargetDependency */,
			);
			name = GroupMacUITests;
			productName = GroupMacUITests;
			productReference = 4C78FDA420D8280F006385B2 /* GroupMacUITests.xctest */;
			productType = "com.apple.product-type.bundle.ui-testing";
		};
/* End PBXNativeTarget section */

/* Begin PBXProject section */
		4C78FD7F20D8280D006385B2 /* Project object */ = {
			isa = PBXProject;
			attributes = {
				LastSwiftUpdateCheck = 0940;
				LastUpgradeCheck = 0940;
				ORGANIZATIONNAME = "Will Tyler";
				TargetAttributes = {
					4C78FD8620D8280D006385B2 = {
						CreatedOnToolsVersion = 9.4.1;
						SystemCapabilities = {
							com.apple.Sandbox = {
								enabled = 1;
							};
						};
					};
					4C78FD9820D8280F006385B2 = {
						CreatedOnToolsVersion = 9.4.1;
						TestTargetID = 4C78FD8620D8280D006385B2;
					};
					4C78FDA320D8280F006385B2 = {
						CreatedOnToolsVersion = 9.4.1;
						TestTargetID = 4C78FD8620D8280D006385B2;
					};
				};
			};
			buildConfigurationList = 4C78FD8220D8280D006385B2 /* Build configuration list for PBXProject "GroupMac" */;
			compatibilityVersion = "Xcode 9.3";
			developmentRegion = en;
			hasScannedForEncodings = 0;
			knownRegions = (
				en,
				Base,
			);
			mainGroup = 4C78FD7E20D8280D006385B2;
			productRefGroup = 4C78FD8820D8280D006385B2 /* Products */;
			projectDirPath = "";
			projectRoot = "";
			targets = (
				4C78FD8620D8280D006385B2 /* GroupMac */,
				4C78FD9820D8280F006385B2 /* GroupMacTests */,
				4C78FDA320D8280F006385B2 /* GroupMacUITests */,
			);
		};
/* End PBXProject section */

/* Begin PBXResourcesBuildPhase section */
		4C78FD8520D8280D006385B2 /* Resources */ = {
			isa = PBXResourcesBuildPhase;
			buildActionMask = 2147483647;
			files = (
				4C78FD8F20D8280F006385B2 /* Assets.xcassets in Resources */,
				4C78FD9220D8280F006385B2 /* Main.storyboard in Resources */,
				4C78FDBA20D82E21006385B2 /* token.txt in Resources */,
			);
			runOnlyForDeploymentPostprocessing = 0;
		};
		4C78FD9720D8280F006385B2 /* Resources */ = {
			isa = PBXResourcesBuildPhase;
			buildActionMask = 2147483647;
			files = (
			);
			runOnlyForDeploymentPostprocessing = 0;
		};
		4C78FDA220D8280F006385B2 /* Resources */ = {
			isa = PBXResourcesBuildPhase;
			buildActionMask = 2147483647;
			files = (
			);
			runOnlyForDeploymentPostprocessing = 0;
		};
/* End PBXResourcesBuildPhase section */

/* Begin PBXSourcesBuildPhase section */
		4C78FD8320D8280D006385B2 /* Sources */ = {
			isa = PBXSourcesBuildPhase;
			buildActionMask = 2147483647;
			files = (
				4CDC813E20DAF9EC004D8DD0 /* MessagesViewController.swift in Sources */,
				4C74BE7520DE95E100F765C8 /* Chat.swift in Sources */,
				4C0C821C20E6F94900C13361 /* Fonts.swift in Sources */,
				4CD221EF20E180E900A13AE6 /* String.swift in Sources */,
				4C500F4A20D976F600C1646D /* HTTP.swift in Sources */,
				4C7D73D920E6C65E005DF911 /* GMConversationType.swift in Sources */,
				4C78FD8D20D8280D006385B2 /* ViewController.swift in Sources */,
				4CDC814220DB23CB004D8DD0 /* ConvosViewController.swift in Sources */,
				4CA03B6420E28F0A0000EA78 /* GMMessage.swift in Sources */,
				4CDC813620DAD169004D8DD0 /* Group.swift in Sources */,
				4C78FD8B20D8280D006385B2 /* AppDelegate.swift in Sources */,
				4CA03B6120E289630000EA78 /* GMConversation.swift in Sources */,
				4C78FDB720D82C8D006385B2 /* GroupMe.swift in Sources */,
			);
			runOnlyForDeploymentPostprocessing = 0;
		};
		4C78FD9520D8280F006385B2 /* Sources */ = {
			isa = PBXSourcesBuildPhase;
			buildActionMask = 2147483647;
			files = (
				4CA03B6220E2896B0000EA78 /* GMConversation.swift in Sources */,
				4C78FD9E20D8280F006385B2 /* GroupMacTests.swift in Sources */,
				4CD221F520E1CBA600A13AE6 /* HTTP.swift in Sources */,
				4CD221F220E19CEE00A13AE6 /* Chat.swift in Sources */,
				4CD221F120E19CDA00A13AE6 /* GroupMeTests.swift in Sources */,
				4CD221F320E19CF100A13AE6 /* Group.swift in Sources */,
				4CD221F620E1CBAA00A13AE6 /* String.swift in Sources */,
				4C78FDB820D82C8D006385B2 /* GroupMe.swift in Sources */,
			);
			runOnlyForDeploymentPostprocessing = 0;
		};
		4C78FDA020D8280F006385B2 /* Sources */ = {
			isa = PBXSourcesBuildPhase;
			buildActionMask = 2147483647;
			files = (
				4C78FDA920D8280F006385B2 /* GroupMacUITests.swift in Sources */,
			);
			runOnlyForDeploymentPostprocessing = 0;
		};
/* End PBXSourcesBuildPhase section */

/* Begin PBXTargetDependency section */
		4C78FD9B20D8280F006385B2 /* PBXTargetDependency */ = {
			isa = PBXTargetDependency;
			target = 4C78FD8620D8280D006385B2 /* GroupMac */;
			targetProxy = 4C78FD9A20D8280F006385B2 /* PBXContainerItemProxy */;
		};
		4C78FDA620D8280F006385B2 /* PBXTargetDependency */ = {
			isa = PBXTargetDependency;
			target = 4C78FD8620D8280D006385B2 /* GroupMac */;
			targetProxy = 4C78FDA520D8280F006385B2 /* PBXContainerItemProxy */;
		};
/* End PBXTargetDependency section */

/* Begin PBXVariantGroup section */
		4C78FD9020D8280F006385B2 /* Main.storyboard */ = {
			isa = PBXVariantGroup;
			children = (
				4C78FD9120D8280F006385B2 /* Base */,
			);
			name = Main.storyboard;
			sourceTree = "<group>";
		};
/* End PBXVariantGroup section */

/* Begin XCBuildConfiguration section */
		4C78FDAB20D8280F006385B2 /* Debug */ = {
			isa = XCBuildConfiguration;
			buildSettings = {
				ALWAYS_SEARCH_USER_PATHS = NO;
				CLANG_ANALYZER_NONNULL = YES;
				CLANG_ANALYZER_NUMBER_OBJECT_CONVERSION = YES_AGGRESSIVE;
				CLANG_CXX_LANGUAGE_STANDARD = "gnu++14";
				CLANG_CXX_LIBRARY = "libc++";
				CLANG_ENABLE_MODULES = YES;
				CLANG_ENABLE_OBJC_ARC = YES;
				CLANG_ENABLE_OBJC_WEAK = YES;
				CLANG_WARN_BLOCK_CAPTURE_AUTORELEASING = YES;
				CLANG_WARN_BOOL_CONVERSION = YES;
				CLANG_WARN_COMMA = YES;
				CLANG_WARN_CONSTANT_CONVERSION = YES;
				CLANG_WARN_DEPRECATED_OBJC_IMPLEMENTATIONS = YES;
				CLANG_WARN_DIRECT_OBJC_ISA_USAGE = YES_ERROR;
				CLANG_WARN_DOCUMENTATION_COMMENTS = YES;
				CLANG_WARN_EMPTY_BODY = YES;
				CLANG_WARN_ENUM_CONVERSION = YES;
				CLANG_WARN_INFINITE_RECURSION = YES;
				CLANG_WARN_INT_CONVERSION = YES;
				CLANG_WARN_NON_LITERAL_NULL_CONVERSION = YES;
				CLANG_WARN_OBJC_IMPLICIT_RETAIN_SELF = YES;
				CLANG_WARN_OBJC_LITERAL_CONVERSION = YES;
				CLANG_WARN_OBJC_ROOT_CLASS = YES_ERROR;
				CLANG_WARN_RANGE_LOOP_ANALYSIS = YES;
				CLANG_WARN_STRICT_PROTOTYPES = YES;
				CLANG_WARN_SUSPICIOUS_MOVE = YES;
				CLANG_WARN_UNGUARDED_AVAILABILITY = YES_AGGRESSIVE;
				CLANG_WARN_UNREACHABLE_CODE = YES;
				CLANG_WARN__DUPLICATE_METHOD_MATCH = YES;
				CODE_SIGN_IDENTITY = "Mac Developer";
				COPY_PHASE_STRIP = NO;
				DEBUG_INFORMATION_FORMAT = dwarf;
				ENABLE_STRICT_OBJC_MSGSEND = YES;
				ENABLE_TESTABILITY = YES;
				GCC_C_LANGUAGE_STANDARD = gnu11;
				GCC_DYNAMIC_NO_PIC = NO;
				GCC_NO_COMMON_BLOCKS = YES;
				GCC_OPTIMIZATION_LEVEL = 0;
				GCC_PREPROCESSOR_DEFINITIONS = (
					"DEBUG=1",
					"$(inherited)",
				);
				GCC_WARN_64_TO_32_BIT_CONVERSION = YES;
				GCC_WARN_ABOUT_RETURN_TYPE = YES_ERROR;
				GCC_WARN_UNDECLARED_SELECTOR = YES;
				GCC_WARN_UNINITIALIZED_AUTOS = YES_AGGRESSIVE;
				GCC_WARN_UNUSED_FUNCTION = YES;
				GCC_WARN_UNUSED_VARIABLE = YES;
				MACOSX_DEPLOYMENT_TARGET = 10.13;
				MTL_ENABLE_DEBUG_INFO = YES;
				ONLY_ACTIVE_ARCH = YES;
				SDKROOT = macosx;
				SWIFT_ACTIVE_COMPILATION_CONDITIONS = DEBUG;
				SWIFT_OPTIMIZATION_LEVEL = "-Onone";
			};
			name = Debug;
		};
		4C78FDAC20D8280F006385B2 /* Release */ = {
			isa = XCBuildConfiguration;
			buildSettings = {
				ALWAYS_SEARCH_USER_PATHS = NO;
				CLANG_ANALYZER_NONNULL = YES;
				CLANG_ANALYZER_NUMBER_OBJECT_CONVERSION = YES_AGGRESSIVE;
				CLANG_CXX_LANGUAGE_STANDARD = "gnu++14";
				CLANG_CXX_LIBRARY = "libc++";
				CLANG_ENABLE_MODULES = YES;
				CLANG_ENABLE_OBJC_ARC = YES;
				CLANG_ENABLE_OBJC_WEAK = YES;
				CLANG_WARN_BLOCK_CAPTURE_AUTORELEASING = YES;
				CLANG_WARN_BOOL_CONVERSION = YES;
				CLANG_WARN_COMMA = YES;
				CLANG_WARN_CONSTANT_CONVERSION = YES;
				CLANG_WARN_DEPRECATED_OBJC_IMPLEMENTATIONS = YES;
				CLANG_WARN_DIRECT_OBJC_ISA_USAGE = YES_ERROR;
				CLANG_WARN_DOCUMENTATION_COMMENTS = YES;
				CLANG_WARN_EMPTY_BODY = YES;
				CLANG_WARN_ENUM_CONVERSION = YES;
				CLANG_WARN_INFINITE_RECURSION = YES;
				CLANG_WARN_INT_CONVERSION = YES;
				CLANG_WARN_NON_LITERAL_NULL_CONVERSION = YES;
				CLANG_WARN_OBJC_IMPLICIT_RETAIN_SELF = YES;
				CLANG_WARN_OBJC_LITERAL_CONVERSION = YES;
				CLANG_WARN_OBJC_ROOT_CLASS = YES_ERROR;
				CLANG_WARN_RANGE_LOOP_ANALYSIS = YES;
				CLANG_WARN_STRICT_PROTOTYPES = YES;
				CLANG_WARN_SUSPICIOUS_MOVE = YES;
				CLANG_WARN_UNGUARDED_AVAILABILITY = YES_AGGRESSIVE;
				CLANG_WARN_UNREACHABLE_CODE = YES;
				CLANG_WARN__DUPLICATE_METHOD_MATCH = YES;
				CODE_SIGN_IDENTITY = "Mac Developer";
				COPY_PHASE_STRIP = NO;
				DEBUG_INFORMATION_FORMAT = "dwarf-with-dsym";
				ENABLE_NS_ASSERTIONS = NO;
				ENABLE_STRICT_OBJC_MSGSEND = YES;
				GCC_C_LANGUAGE_STANDARD = gnu11;
				GCC_NO_COMMON_BLOCKS = YES;
				GCC_WARN_64_TO_32_BIT_CONVERSION = YES;
				GCC_WARN_ABOUT_RETURN_TYPE = YES_ERROR;
				GCC_WARN_UNDECLARED_SELECTOR = YES;
				GCC_WARN_UNINITIALIZED_AUTOS = YES_AGGRESSIVE;
				GCC_WARN_UNUSED_FUNCTION = YES;
				GCC_WARN_UNUSED_VARIABLE = YES;
				MACOSX_DEPLOYMENT_TARGET = 10.13;
				MTL_ENABLE_DEBUG_INFO = NO;
				SDKROOT = macosx;
				SWIFT_COMPILATION_MODE = wholemodule;
				SWIFT_OPTIMIZATION_LEVEL = "-O";
			};
			name = Release;
		};
		4C78FDAE20D8280F006385B2 /* Debug */ = {
			isa = XCBuildConfiguration;
			buildSettings = {
				ASSETCATALOG_COMPILER_APPICON_NAME = AppIcon;
				CODE_SIGN_ENTITLEMENTS = GroupMac/GroupMac.entitlements;
				CODE_SIGN_STYLE = Automatic;
				COMBINE_HIDPI_IMAGES = YES;
				DEVELOPMENT_TEAM = 83A9Z5EMT8;
				INFOPLIST_FILE = GroupMac/Info.plist;
				LD_RUNPATH_SEARCH_PATHS = (
					"$(inherited)",
					"@executable_path/../Frameworks",
				);
				PRODUCT_BUNDLE_IDENTIFIER = willtyler.GroupMac;
				PRODUCT_NAME = "$(TARGET_NAME)";
				SWIFT_VERSION = 4.0;
			};
			name = Debug;
		};
		4C78FDAF20D8280F006385B2 /* Release */ = {
			isa = XCBuildConfiguration;
			buildSettings = {
				ASSETCATALOG_COMPILER_APPICON_NAME = AppIcon;
				CODE_SIGN_ENTITLEMENTS = GroupMac/GroupMac.entitlements;
				CODE_SIGN_STYLE = Automatic;
				COMBINE_HIDPI_IMAGES = YES;
				DEVELOPMENT_TEAM = 83A9Z5EMT8;
				INFOPLIST_FILE = GroupMac/Info.plist;
				LD_RUNPATH_SEARCH_PATHS = (
					"$(inherited)",
					"@executable_path/../Frameworks",
				);
				PRODUCT_BUNDLE_IDENTIFIER = willtyler.GroupMac;
				PRODUCT_NAME = "$(TARGET_NAME)";
				SWIFT_VERSION = 4.0;
			};
			name = Release;
		};
		4C78FDB120D8280F006385B2 /* Debug */ = {
			isa = XCBuildConfiguration;
			buildSettings = {
				ALWAYS_EMBED_SWIFT_STANDARD_LIBRARIES = YES;
				BUNDLE_LOADER = "$(TEST_HOST)";
				CODE_SIGN_STYLE = Automatic;
				COMBINE_HIDPI_IMAGES = YES;
				DEVELOPMENT_TEAM = 83A9Z5EMT8;
				INFOPLIST_FILE = GroupMacTests/Info.plist;
				LD_RUNPATH_SEARCH_PATHS = (
					"$(inherited)",
					"@executable_path/../Frameworks",
					"@loader_path/../Frameworks",
				);
				PRODUCT_BUNDLE_IDENTIFIER = willtyler.GroupMacTests;
				PRODUCT_NAME = "$(TARGET_NAME)";
				SWIFT_VERSION = 4.0;
				TEST_HOST = "$(BUILT_PRODUCTS_DIR)/GroupMac.app/Contents/MacOS/GroupMac";
			};
			name = Debug;
		};
		4C78FDB220D8280F006385B2 /* Release */ = {
			isa = XCBuildConfiguration;
			buildSettings = {
				ALWAYS_EMBED_SWIFT_STANDARD_LIBRARIES = YES;
				BUNDLE_LOADER = "$(TEST_HOST)";
				CODE_SIGN_STYLE = Automatic;
				COMBINE_HIDPI_IMAGES = YES;
				DEVELOPMENT_TEAM = 83A9Z5EMT8;
				INFOPLIST_FILE = GroupMacTests/Info.plist;
				LD_RUNPATH_SEARCH_PATHS = (
					"$(inherited)",
					"@executable_path/../Frameworks",
					"@loader_path/../Frameworks",
				);
				PRODUCT_BUNDLE_IDENTIFIER = willtyler.GroupMacTests;
				PRODUCT_NAME = "$(TARGET_NAME)";
				SWIFT_VERSION = 4.0;
				TEST_HOST = "$(BUILT_PRODUCTS_DIR)/GroupMac.app/Contents/MacOS/GroupMac";
			};
			name = Release;
		};
		4C78FDB420D8280F006385B2 /* Debug */ = {
			isa = XCBuildConfiguration;
			buildSettings = {
				ALWAYS_EMBED_SWIFT_STANDARD_LIBRARIES = YES;
				CODE_SIGN_STYLE = Automatic;
				COMBINE_HIDPI_IMAGES = YES;
				DEVELOPMENT_TEAM = 83A9Z5EMT8;
				INFOPLIST_FILE = GroupMacUITests/Info.plist;
				LD_RUNPATH_SEARCH_PATHS = (
					"$(inherited)",
					"@executable_path/../Frameworks",
					"@loader_path/../Frameworks",
				);
				PRODUCT_BUNDLE_IDENTIFIER = willtyler.GroupMacUITests;
				PRODUCT_NAME = "$(TARGET_NAME)";
				SWIFT_VERSION = 4.0;
				TEST_TARGET_NAME = GroupMac;
			};
			name = Debug;
		};
		4C78FDB520D8280F006385B2 /* Release */ = {
			isa = XCBuildConfiguration;
			buildSettings = {
				ALWAYS_EMBED_SWIFT_STANDARD_LIBRARIES = YES;
				CODE_SIGN_STYLE = Automatic;
				COMBINE_HIDPI_IMAGES = YES;
				DEVELOPMENT_TEAM = 83A9Z5EMT8;
				INFOPLIST_FILE = GroupMacUITests/Info.plist;
				LD_RUNPATH_SEARCH_PATHS = (
					"$(inherited)",
					"@executable_path/../Frameworks",
					"@loader_path/../Frameworks",
				);
				PRODUCT_BUNDLE_IDENTIFIER = willtyler.GroupMacUITests;
				PRODUCT_NAME = "$(TARGET_NAME)";
				SWIFT_VERSION = 4.0;
				TEST_TARGET_NAME = GroupMac;
			};
			name = Release;
		};
/* End XCBuildConfiguration section */

/* Begin XCConfigurationList section */
		4C78FD8220D8280D006385B2 /* Build configuration list for PBXProject "GroupMac" */ = {
			isa = XCConfigurationList;
			buildConfigurations = (
				4C78FDAB20D8280F006385B2 /* Debug */,
				4C78FDAC20D8280F006385B2 /* Release */,
			);
			defaultConfigurationIsVisible = 0;
			defaultConfigurationName = Release;
		};
		4C78FDAD20D8280F006385B2 /* Build configuration list for PBXNativeTarget "GroupMac" */ = {
			isa = XCConfigurationList;
			buildConfigurations = (
				4C78FDAE20D8280F006385B2 /* Debug */,
				4C78FDAF20D8280F006385B2 /* Release */,
			);
			defaultConfigurationIsVisible = 0;
			defaultConfigurationName = Release;
		};
		4C78FDB020D8280F006385B2 /* Build configuration list for PBXNativeTarget "GroupMacTests" */ = {
			isa = XCConfigurationList;
			buildConfigurations = (
				4C78FDB120D8280F006385B2 /* Debug */,
				4C78FDB220D8280F006385B2 /* Release */,
			);
			defaultConfigurationIsVisible = 0;
			defaultConfigurationName = Release;
		};
		4C78FDB320D8280F006385B2 /* Build configuration list for PBXNativeTarget "GroupMacUITests" */ = {
			isa = XCConfigurationList;
			buildConfigurations = (
				4C78FDB420D8280F006385B2 /* Debug */,
				4C78FDB520D8280F006385B2 /* Release */,
			);
			defaultConfigurationIsVisible = 0;
			defaultConfigurationName = Release;
		};
/* End XCConfigurationList section */
	};
	rootObject = 4C78FD7F20D8280D006385B2 /* Project object */;
}
